
Microsoft Visual Studio Solution File, Format Version 12.00
# Visual Studio Version 17
VisualStudioVersion = 17.14.36109.1 d17.14
MinimumVisualStudioVersion = 10.0.40219.1
Project("{FAE04EC0-301F-11D3-BF4B-00C04F79EFBC}") = "muzik", "muzik.csproj", "{5A9511C4-D063-4B5E-92B0-66C128F805FB}"
EndProject
Global
	GlobalSection(SolutionConfigurationPlatforms) = preSolution
		Debug|Any CPU = Debug|Any CPU
		Release|Any CPU = Release|Any CPU
	EndGlobalSection
	GlobalSection(ProjectConfigurationPlatforms) = postSolution
		{5A9511C4-D063-4B5E-92B0-66C128F805FB}.Debug|Any CPU.ActiveCfg = Debug|Any CPU
		{5A9511C4-D063-4B5E-92B0-66C128F805FB}.Debug|Any CPU.Build.0 = Debug|Any CPU
		{5A9511C4-D063-4B5E-92B0-66C128F805FB}.Release|Any CPU.ActiveCfg = Release|Any CPU
		{5A9511C4-D063-4B5E-92B0-66C128F805FB}.Release|Any CPU.Build.0 = Release|Any CPU
	EndGlobalSection
	GlobalSection(SolutionProperties) = preSolution
		HideSolutionNode = FALSE
	EndGlobalSection
	GlobalSection(ExtensibilityGlobals) = postSolution
		SolutionGuid = {1B534BEC-85F8-49CE-8980-B3688FE23DBD}
	EndGlobalSection
EndGlobal
